
Microsoft Visual Studio Solution File, Format Version 12.00
# Visual Studio Version 16
VisualStudioVersion = 16.0.29806.167
MinimumVisualStudioVersion = 10.0.40219.1
Project("{FAE04EC0-301F-11D3-BF4B-00C04F79EFBC}") = "FavPizzaToppings", "FavPizzaToppings\FavPizzaToppings.csproj", "{6A4E6002-3E64-4F6B-8269-86CEEA4112AF}"
EndProject
Global
	GlobalSection(SolutionConfigurationPlatforms) = preSolution
		Debug|Any CPU = Debug|Any CPU
		Release|Any CPU = Release|Any CPU
	EndGlobalSection
	GlobalSection(ProjectConfigurationPlatforms) = postSolution
		{6A4E6002-3E64-4F6B-8269-86CEEA4112AF}.Debug|Any CPU.ActiveCfg = Debug|Any CPU
		{6A4E6002-3E64-4F6B-8269-86CEEA4112AF}.Debug|Any CPU.Build.0 = Debug|Any CPU
		{6A4E6002-3E64-4F6B-8269-86CEEA4112AF}.Release|Any CPU.ActiveCfg = Release|Any CPU
		{6A4E6002-3E64-4F6B-8269-86CEEA4112AF}.Release|Any CPU.Build.0 = Release|Any CPU
	EndGlobalSection
	GlobalSection(SolutionProperties) = preSolution
		HideSolutionNode = FALSE
	EndGlobalSection
	GlobalSection(ExtensibilityGlobals) = postSolution
		SolutionGuid = {FA39E4D0-B2DB-4966-9B13-28896488EFA1}
	EndGlobalSection
EndGlobal
